// !$*UTF8*$!
{
	archiveVersion = 1;
	classes = {
	};
	objectVersion = 46;
	objects = {

/* Begin PBXBuildFile section */
		877CC42E1D8F33D600A4468D /* AppDelegate.swift in Sources */ = {isa = PBXBuildFile; fileRef = 877CC42D1D8F33D600A4468D /* AppDelegate.swift */; };
		877CC4331D8F33D600A4468D /* Main.storyboard in Resources */ = {isa = PBXBuildFile; fileRef = 877CC4311D8F33D600A4468D /* Main.storyboard */; };
		877CC4351D8F33D600A4468D /* Assets.xcassets in Resources */ = {isa = PBXBuildFile; fileRef = 877CC4341D8F33D600A4468D /* Assets.xcassets */; };
		877CC4381D8F33D600A4468D /* LaunchScreen.storyboard in Resources */ = {isa = PBXBuildFile; fileRef = 877CC4361D8F33D600A4468D /* LaunchScreen.storyboard */; };
		877CC4431D8F33D600A4468D /* FantasticViewTests.swift in Sources */ = {isa = PBXBuildFile; fileRef = 877CC4421D8F33D600A4468D /* FantasticViewTests.swift */; };
		877CC44E1D8F33D700A4468D /* FantasticViewUITests.swift in Sources */ = {isa = PBXBuildFile; fileRef = 877CC44D1D8F33D700A4468D /* FantasticViewUITests.swift */; };
		877CC45D1D8F33EF00A4468D /* ViewController.swift in Sources */ = {isa = PBXBuildFile; fileRef = 877CC45B1D8F33EF00A4468D /* ViewController.swift */; };
		877CC45E1D8F33EF00A4468D /* FantasticView.swift in Sources */ = {isa = PBXBuildFile; fileRef = 877CC45C1D8F33EF00A4468D /* FantasticView.swift */; };
/* End PBXBuildFile section */

/* Begin PBXContainerItemProxy section */
		877CC43F1D8F33D600A4468D /* PBXContainerItemProxy */ = {
			isa = PBXContainerItemProxy;
			containerPortal = 877CC4221D8F33D600A4468D /* Project object */;
			proxyType = 1;
			remoteGlobalIDString = 877CC4291D8F33D600A4468D;
			remoteInfo = FantasticView;
		};
		877CC44A1D8F33D700A4468D /* PBXContainerItemProxy */ = {
			isa = PBXContainerItemProxy;
			containerPortal = 877CC4221D8F33D600A4468D /* Project object */;
			proxyType = 1;
			remoteGlobalIDString = 877CC4291D8F33D600A4468D;
			remoteInfo = FantasticView;
		};
/* End PBXContainerItemProxy section */

/* Begin PBXFileReference section */
		877CC42A1D8F33D600A4468D /* FantasticView.app */ = {isa = PBXFileReference; explicitFileType = wrapper.application; includeInIndex = 0; path = FantasticView.app; sourceTree = BUILT_PRODUCTS_DIR; };
		877CC42D1D8F33D600A4468D /* AppDelegate.swift */ = {isa = PBXFileReference; lastKnownFileType = sourcecode.swift; path = AppDelegate.swift; sourceTree = "<group>"; };
		877CC4321D8F33D600A4468D /* Base */ = {isa = PBXFileReference; lastKnownFileType = file.storyboard; name = Base; path = Base.lproj/Main.storyboard; sourceTree = "<group>"; };
		877CC4341D8F33D600A4468D /* Assets.xcassets */ = {isa = PBXFileReference; lastKnownFileType = folder.assetcatalog; path = Assets.xcassets; sourceTree = "<group>"; };
		877CC4371D8F33D600A4468D /* Base */ = {isa = PBXFileReference; lastKnownFileType = file.storyboard; name = Base; path = Base.lproj/LaunchScreen.storyboard; sourceTree = "<group>"; };
		877CC4391D8F33D600A4468D /* Info.plist */ = {isa = PBXFileReference; lastKnownFileType = text.plist.xml; path = Info.plist; sourceTree = "<group>"; };
		877CC43E1D8F33D600A4468D /* FantasticViewTests.xctest */ = {isa = PBXFileReference; explicitFileType = wrapper.cfbundle; includeInIndex = 0; path = FantasticViewTests.xctest; sourceTree = BUILT_PRODUCTS_DIR; };
		877CC4421D8F33D600A4468D /* FantasticViewTests.swift */ = {isa = PBXFileReference; lastKnownFileType = sourcecode.swift; path = FantasticViewTests.swift; sourceTree = "<group>"; };
		877CC4441D8F33D700A4468D /* Info.plist */ = {isa = PBXFileReference; lastKnownFileType = text.plist.xml; path = Info.plist; sourceTree = "<group>"; };
		877CC4491D8F33D700A4468D /* FantasticViewUITests.xctest */ = {isa = PBXFileReference; explicitFileType = wrapper.cfbundle; includeInIndex = 0; path = FantasticViewUITests.xctest; sourceTree = BUILT_PRODUCTS_DIR; };
		877CC44D1D8F33D700A4468D /* FantasticViewUITests.swift */ = {isa = PBXFileReference; lastKnownFileType = sourcecode.swift; path = FantasticViewUITests.swift; sourceTree = "<group>"; };
		877CC44F1D8F33D700A4468D /* Info.plist */ = {isa = PBXFileReference; lastKnownFileType = text.plist.xml; path = Info.plist; sourceTree = "<group>"; };
		877CC45B1D8F33EF00A4468D /* ViewController.swift */ = {isa = PBXFileReference; fileEncoding = 4; lastKnownFileType = sourcecode.swift; path = ViewController.swift; sourceTree = "<group>"; };
		877CC45C1D8F33EF00A4468D /* FantasticView.swift */ = {isa = PBXFileReference; fileEncoding = 4; lastKnownFileType = sourcecode.swift; path = FantasticView.swift; sourceTree = "<group>"; };
/* End PBXFileReference section */

/* Begin PBXFrameworksBuildPhase section */
		877CC4271D8F33D600A4468D /* Frameworks */ = {
			isa = PBXFrameworksBuildPhase;
			buildActionMask = 2147483647;
			files = (
			);
			runOnlyForDeploymentPostprocessing = 0;
		};
		877CC43B1D8F33D600A4468D /* Frameworks */ = {
			isa = PBXFrameworksBuildPhase;
			buildActionMask = 2147483647;
			files = (
			);
			runOnlyForDeploymentPostprocessing = 0;
		};
		877CC4461D8F33D700A4468D /* Frameworks */ = {
			isa = PBXFrameworksBuildPhase;
			buildActionMask = 2147483647;
			files = (
			);
			runOnlyForDeploymentPostprocessing = 0;
		};
/* End PBXFrameworksBuildPhase section */

/* Begin PBXGroup section */
		877CC4211D8F33D600A4468D = {
			isa = PBXGroup;
			children = (
				877CC42C1D8F33D600A4468D /* FantasticView */,
				877CC4411D8F33D600A4468D /* FantasticViewTests */,
				877CC44C1D8F33D700A4468D /* FantasticViewUITests */,
				877CC42B1D8F33D600A4468D /* Products */,
			);
			sourceTree = "<group>";
		};
		877CC42B1D8F33D600A4468D /* Products */ = {
			isa = PBXGroup;
			children = (
				877CC42A1D8F33D600A4468D /* FantasticView.app */,
				877CC43E1D8F33D600A4468D /* FantasticViewTests.xctest */,
				877CC4491D8F33D700A4468D /* FantasticViewUITests.xctest */,
			);
			name = Products;
			sourceTree = "<group>";
		};
		877CC42C1D8F33D600A4468D /* FantasticView */ = {
			isa = PBXGroup;
			children = (
				877CC42D1D8F33D600A4468D /* AppDelegate.swift */,
				877CC45B1D8F33EF00A4468D /* ViewController.swift */,
				877CC45C1D8F33EF00A4468D /* FantasticView.swift */,
				877CC4311D8F33D600A4468D /* Main.storyboard */,
				877CC4341D8F33D600A4468D /* Assets.xcassets */,
				877CC4361D8F33D600A4468D /* LaunchScreen.storyboard */,
				877CC4391D8F33D600A4468D /* Info.plist */,
			);
			path = FantasticView;
			sourceTree = "<group>";
		};
		877CC4411D8F33D600A4468D /* FantasticViewTests */ = {
			isa = PBXGroup;
			children = (
				877CC4421D8F33D600A4468D /* FantasticViewTests.swift */,
				877CC4441D8F33D700A4468D /* Info.plist */,
			);
			path = FantasticViewTests;
			sourceTree = "<group>";
		};
		877CC44C1D8F33D700A4468D /* FantasticViewUITests */ = {
			isa = PBXGroup;
			children = (
				877CC44D1D8F33D700A4468D /* FantasticViewUITests.swift */,
				877CC44F1D8F33D700A4468D /* Info.plist */,
			);
			path = FantasticViewUITests;
			sourceTree = "<group>";
		};
/* End PBXGroup section */

/* Begin PBXNativeTarget section */
		877CC4291D8F33D600A4468D /* FantasticView */ = {
			isa = PBXNativeTarget;
			buildConfigurationList = 877CC4521D8F33D700A4468D /* Build configuration list for PBXNativeTarget "FantasticView" */;
			buildPhases = (
				877CC4261D8F33D600A4468D /* Sources */,
				877CC4271D8F33D600A4468D /* Frameworks */,
				877CC4281D8F33D600A4468D /* Resources */,
			);
			buildRules = (
			);
			dependencies = (
			);
			name = FantasticView;
			productName = FantasticView;
			productReference = 877CC42A1D8F33D600A4468D /* FantasticView.app */;
			productType = "com.apple.product-type.application";
		};
		877CC43D1D8F33D600A4468D /* FantasticViewTests */ = {
			isa = PBXNativeTarget;
			buildConfigurationList = 877CC4551D8F33D700A4468D /* Build configuration list for PBXNativeTarget "FantasticViewTests" */;
			buildPhases = (
				877CC43A1D8F33D600A4468D /* Sources */,
				877CC43B1D8F33D600A4468D /* Frameworks */,
				877CC43C1D8F33D600A4468D /* Resources */,
			);
			buildRules = (
			);
			dependencies = (
				877CC4401D8F33D600A4468D /* PBXTargetDependency */,
			);
			name = FantasticViewTests;
			productName = FantasticViewTests;
			productReference = 877CC43E1D8F33D600A4468D /* FantasticViewTests.xctest */;
			productType = "com.apple.product-type.bundle.unit-test";
		};
		877CC4481D8F33D700A4468D /* FantasticViewUITests */ = {
			isa = PBXNativeTarget;
			buildConfigurationList = 877CC4581D8F33D700A4468D /* Build configuration list for PBXNativeTarget "FantasticViewUITests" */;
			buildPhases = (
				877CC4451D8F33D700A4468D /* Sources */,
				877CC4461D8F33D700A4468D /* Frameworks */,
				877CC4471D8F33D700A4468D /* Resources */,
			);
			buildRules = (
			);
			dependencies = (
				877CC44B1D8F33D700A4468D /* PBXTargetDependency */,
			);
			name = FantasticViewUITests;
			productName = FantasticViewUITests;
			productReference = 877CC4491D8F33D700A4468D /* FantasticViewUITests.xctest */;
			productType = "com.apple.product-type.bundle.ui-testing";
		};
/* End PBXNativeTarget section */

/* Begin PBXProject section */
		877CC4221D8F33D600A4468D /* Project object */ = {
			isa = PBXProject;
			attributes = {
				LastSwiftUpdateCheck = 0800;
				LastUpgradeCheck = 0800;
				ORGANIZATIONNAME = "Sahand Edrisian";
				TargetAttributes = {
					877CC4291D8F33D600A4468D = {
						CreatedOnToolsVersion = 8.0;
						DevelopmentTeam = 6S335WJ5J9;
						ProvisioningStyle = Automatic;
					};
					877CC43D1D8F33D600A4468D = {
						CreatedOnToolsVersion = 8.0;
						DevelopmentTeam = 6S335WJ5J9;
						ProvisioningStyle = Automatic;
						TestTargetID = 877CC4291D8F33D600A4468D;
					};
					877CC4481D8F33D700A4468D = {
						CreatedOnToolsVersion = 8.0;
						DevelopmentTeam = 6S335WJ5J9;
						ProvisioningStyle = Automatic;
						TestTargetID = 877CC4291D8F33D600A4468D;
					};
				};
			};
			buildConfigurationList = 877CC4251D8F33D600A4468D /* Build configuration list for PBXProject "FantasticView" */;
			compatibilityVersion = "Xcode 3.2";
			developmentRegion = English;
			hasScannedForEncodings = 0;
			knownRegions = (
				en,
				Base,
			);
			mainGroup = 877CC4211D8F33D600A4468D;
			productRefGroup = 877CC42B1D8F33D600A4468D /* Products */;
			projectDirPath = "";
			projectRoot = "";
			targets = (
				877CC4291D8F33D600A4468D /* FantasticView */,
				877CC43D1D8F33D600A4468D /* FantasticViewTests */,
				877CC4481D8F33D700A4468D /* FantasticViewUITests */,
			);
		};
/* End PBXProject section */

/* Begin PBXResourcesBuildPhase section */
		877CC4281D8F33D600A4468D /* Resources */ = {
			isa = PBXResourcesBuildPhase;
			buildActionMask = 2147483647;
			files = (
				877CC4381D8F33D600A4468D /* LaunchScreen.storyboard in Resources */,
				877CC4351D8F33D600A4468D /* Assets.xcassets in Resources */,
				877CC4331D8F33D600A4468D /* Main.storyboard in Resources */,
			);
			runOnlyForDeploymentPostprocessing = 0;
		};
		877CC43C1D8F33D600A4468D /* Resources */ = {
			isa = PBXResourcesBuildPhase;
			buildActionMask = 2147483647;
			files = (
			);
			runOnlyForDeploymentPostprocessing = 0;
		};
		877CC4471D8F33D700A4468D /* Resources */ = {
			isa = PBXResourcesBuildPhase;
			buildActionMask = 2147483647;
			files = (
			);
			runOnlyForDeploymentPostprocessing = 0;
		};
/* End PBXResourcesBuildPhase section */

/* Begin PBXSourcesBuildPhase section */
		877CC4261D8F33D600A4468D /* Sources */ = {
			isa = PBXSourcesBuildPhase;
			buildActionMask = 2147483647;
			files = (
				877CC45D1D8F33EF00A4468D /* ViewController.swift in Sources */,
				877CC42E1D8F33D600A4468D /* AppDelegate.swift in Sources */,
				877CC45E1D8F33EF00A4468D /* FantasticView.swift in Sources */,
			);
			runOnlyForDeploymentPostprocessing = 0;
		};
		877CC43A1D8F33D600A4468D /* Sources */ = {
			isa = PBXSourcesBuildPhase;
			buildActionMask = 2147483647;
			files = (
				877CC4431D8F33D600A4468D /* FantasticViewTests.swift in Sources */,
			);
			runOnlyForDeploymentPostprocessing = 0;
		};
		877CC4451D8F33D700A4468D /* Sources */ = {
			isa = PBXSourcesBuildPhase;
			buildActionMask = 2147483647;
			files = (
				877CC44E1D8F33D700A4468D /* FantasticViewUITests.swift in Sources */,
			);
			runOnlyForDeploymentPostprocessing = 0;
		};
/* End PBXSourcesBuildPhase section */

/* Begin PBXTargetDependency section */
		877CC4401D8F33D600A4468D /* PBXTargetDependency */ = {
			isa = PBXTargetDependency;
			target = 877CC4291D8F33D600A4468D /* FantasticView */;
			targetProxy = 877CC43F1D8F33D600A4468D /* PBXContainerItemProxy */;
		};
		877CC44B1D8F33D700A4468D /* PBXTargetDependency */ = {
			isa = PBXTargetDependency;
			target = 877CC4291D8F33D600A4468D /* FantasticView */;
			targetProxy = 877CC44A1D8F33D700A4468D /* PBXContainerItemProxy */;
		};
/* End PBXTargetDependency section */

/* Begin PBXVariantGroup section */
		877CC4311D8F33D600A4468D /* Main.storyboard */ = {
			isa = PBXVariantGroup;
			children = (
				877CC4321D8F33D600A4468D /* Base */,
			);
			name = Main.storyboard;
			sourceTree = "<group>";
		};
		877CC4361D8F33D600A4468D /* LaunchScreen.storyboard */ = {
			isa = PBXVariantGroup;
			children = (
				877CC4371D8F33D600A4468D /* Base */,
			);
			name = LaunchScreen.storyboard;
			sourceTree = "<group>";
		};
/* End PBXVariantGroup section */

/* Begin XCBuildConfiguration section */
		877CC4501D8F33D700A4468D /* Debug */ = {
			isa = XCBuildConfiguration;
			buildSettings = {
				ALWAYS_SEARCH_USER_PATHS = NO;
				CLANG_ANALYZER_NONNULL = YES;
				CLANG_CXX_LANGUAGE_STANDARD = "gnu++0x";
				CLANG_CXX_LIBRARY = "libc++";
				CLANG_ENABLE_MODULES = YES;
				CLANG_ENABLE_OBJC_ARC = YES;
				CLANG_WARN_BOOL_CONVERSION = YES;
				CLANG_WARN_CONSTANT_CONVERSION = YES;
				CLANG_WARN_DIRECT_OBJC_ISA_USAGE = YES_ERROR;
				CLANG_WARN_DOCUMENTATION_COMMENTS = YES;
				CLANG_WARN_EMPTY_BODY = YES;
				CLANG_WARN_ENUM_CONVERSION = YES;
				CLANG_WARN_INFINITE_RECURSION = YES;
				CLANG_WARN_INT_CONVERSION = YES;
				CLANG_WARN_OBJC_ROOT_CLASS = YES_ERROR;
				CLANG_WARN_SUSPICIOUS_MOVES = YES;
				CLANG_WARN_UNREACHABLE_CODE = YES;
				CLANG_WARN__DUPLICATE_METHOD_MATCH = YES;
				"CODE_SIGN_IDENTITY[sdk=iphoneos*]" = "iPhone Developer";
				COPY_PHASE_STRIP = NO;
				DEBUG_INFORMATION_FORMAT = dwarf;
				ENABLE_STRICT_OBJC_MSGSEND = YES;
				ENABLE_TESTABILITY = YES;
				GCC_C_LANGUAGE_STANDARD = gnu99;
				GCC_DYNAMIC_NO_PIC = NO;
				GCC_NO_COMMON_BLOCKS = YES;
				GCC_OPTIMIZATION_LEVEL = 0;
				GCC_PREPROCESSOR_DEFINITIONS = (
					"DEBUG=1",
					"$(inherited)",
				);
				GCC_WARN_64_TO_32_BIT_CONVERSION = YES;
				GCC_WARN_ABOUT_RETURN_TYPE = YES_ERROR;
				GCC_WARN_UNDECLARED_SELECTOR = YES;
				GCC_WARN_UNINITIALIZED_AUTOS = YES_AGGRESSIVE;
				GCC_WARN_UNUSED_FUNCTION = YES;
				GCC_WARN_UNUSED_VARIABLE = YES;
				IPHONEOS_DEPLOYMENT_TARGET = 10.0;
				MTL_ENABLE_DEBUG_INFO = YES;
				ONLY_ACTIVE_ARCH = YES;
				SDKROOT = iphoneos;
				SWIFT_ACTIVE_COMPILATION_CONDITIONS = DEBUG;
				SWIFT_OPTIMIZATION_LEVEL = "-Onone";
			};
			name = Debug;
		};
		877CC4511D8F33D700A4468D /* Release */ = {
			isa = XCBuildConfiguration;
			buildSettings = {
				ALWAYS_SEARCH_USER_PATHS = NO;
				CLANG_ANALYZER_NONNULL = YES;
				CLANG_CXX_LANGUAGE_STANDARD = "gnu++0x";
				CLANG_CXX_LIBRARY = "libc++";
				CLANG_ENABLE_MODULES = YES;
				CLANG_ENABLE_OBJC_ARC = YES;
				CLANG_WARN_BOOL_CONVERSION = YES;
				CLANG_WARN_CONSTANT_CONVERSION = YES;
				CLANG_WARN_DIRECT_OBJC_ISA_USAGE = YES_ERROR;
				CLANG_WARN_DOCUMENTATION_COMMENTS = YES;
				CLANG_WARN_EMPTY_BODY = YES;
				CLANG_WARN_ENUM_CONVERSION = YES;
				CLANG_WARN_INFINITE_RECURSION = YES;
				CLANG_WARN_INT_CONVERSION = YES;
				CLANG_WARN_OBJC_ROOT_CLASS = YES_ERROR;
				CLANG_WARN_SUSPICIOUS_MOVES = YES;
				CLANG_WARN_UNREACHABLE_CODE = YES;
				CLANG_WARN__DUPLICATE_METHOD_MATCH = YES;
				"CODE_SIGN_IDENTITY[sdk=iphoneos*]" = "iPhone Developer";
				COPY_PHASE_STRIP = NO;
				DEBUG_INFORMATION_FORMAT = "dwarf-with-dsym";
				ENABLE_NS_ASSERTIONS = NO;
				ENABLE_STRICT_OBJC_MSGSEND = YES;
				GCC_C_LANGUAGE_STANDARD = gnu99;
				GCC_NO_COMMON_BLOCKS = YES;
				GCC_WARN_64_TO_32_BIT_CONVERSION = YES;
				GCC_WARN_ABOUT_RETURN_TYPE = YES_ERROR;
				GCC_WARN_UNDECLARED_SELECTOR = YES;
				GCC_WARN_UNINITIALIZED_AUTOS = YES_AGGRESSIVE;
				GCC_WARN_UNUSED_FUNCTION = YES;
				GCC_WARN_UNUSED_VARIABLE = YES;
				IPHONEOS_DEPLOYMENT_TARGET = 10.0;
				MTL_ENABLE_DEBUG_INFO = NO;
				SDKROOT = iphoneos;
				SWIFT_OPTIMIZATION_LEVEL = "-Owholemodule";
				VALIDATE_PRODUCT = YES;
			};
			name = Release;
		};
		877CC4531D8F33D700A4468D /* Debug */ = {
			isa = XCBuildConfiguration;
			buildSettings = {
				ASSETCATALOG_COMPILER_APPICON_NAME = AppIcon;
				DEVELOPMENT_TEAM = 6S335WJ5J9;
				INFOPLIST_FILE = FantasticView/Info.plist;
				LD_RUNPATH_SEARCH_PATHS = "$(inherited) @executable_path/Frameworks";
				PRODUCT_BUNDLE_IDENTIFIER = com.sahandedrisian.FantasticView;
				PRODUCT_NAME = "$(TARGET_NAME)";
				SWIFT_VERSION = 3.0;
			};
			name = Debug;
		};
		877CC4541D8F33D700A4468D /* Release */ = {
			isa = XCBuildConfiguration;
			buildSettings = {
				ASSETCATALOG_COMPILER_APPICON_NAME = AppIcon;
				DEVELOPMENT_TEAM = 6S335WJ5J9;
				INFOPLIST_FILE = FantasticView/Info.plist;
				LD_RUNPATH_SEARCH_PATHS = "$(inherited) @executable_path/Frameworks";
				PRODUCT_BUNDLE_IDENTIFIER = com.sahandedrisian.FantasticView;
				PRODUCT_NAME = "$(TARGET_NAME)";
				SWIFT_VERSION = 3.0;
			};
			name = Release;
		};
		877CC4561D8F33D700A4468D /* Debug */ = {
			isa = XCBuildConfiguration;
			buildSettings = {
				ALWAYS_EMBED_SWIFT_STANDARD_LIBRARIES = YES;
				BUNDLE_LOADER = "$(TEST_HOST)";
				DEVELOPMENT_TEAM = 6S335WJ5J9;
				INFOPLIST_FILE = FantasticViewTests/Info.plist;
				LD_RUNPATH_SEARCH_PATHS = "$(inherited) @executable_path/Frameworks @loader_path/Frameworks";
				PRODUCT_BUNDLE_IDENTIFIER = com.sahandedrisian.FantasticViewTests;
				PRODUCT_NAME = "$(TARGET_NAME)";
				SWIFT_VERSION = 3.0;
				TEST_HOST = "$(BUILT_PRODUCTS_DIR)/FantasticView.app/FantasticView";
			};
			name = Debug;
		};
		877CC4571D8F33D700A4468D /* Release */ = {
			isa = XCBuildConfiguration;
			buildSettings = {
				ALWAYS_EMBED_SWIFT_STANDARD_LIBRARIES = YES;
				BUNDLE_LOADER = "$(TEST_HOST)";
				DEVELOPMENT_TEAM = 6S335WJ5J9;
				INFOPLIST_FILE = FantasticViewTests/Info.plist;
				LD_RUNPATH_SEARCH_PATHS = "$(inherited) @executable_path/Frameworks @loader_path/Frameworks";
				PRODUCT_BUNDLE_IDENTIFIER = com.sahandedrisian.FantasticViewTests;
				PRODUCT_NAME = "$(TARGET_NAME)";
				SWIFT_VERSION = 3.0;
				TEST_HOST = "$(BUILT_PRODUCTS_DIR)/FantasticView.app/FantasticView";
			};
			name = Release;
		};
		877CC4591D8F33D700A4468D /* Debug */ = {
			isa = XCBuildConfiguration;
			buildSettings = {
				ALWAYS_EMBED_SWIFT_STANDARD_LIBRARIES = YES;
				DEVELOPMENT_TEAM = 6S335WJ5J9;
				INFOPLIST_FILE = FantasticViewUITests/Info.plist;
				LD_RUNPATH_SEARCH_PATHS = "$(inherited) @executable_path/Frameworks @loader_path/Frameworks";
				PRODUCT_BUNDLE_IDENTIFIER = com.sahandedrisian.FantasticViewUITests;
				PRODUCT_NAME = "$(TARGET_NAME)";
				SWIFT_VERSION = 3.0;
				TEST_TARGET_NAME = FantasticView;
			};
			name = Debug;
		};
		877CC45A1D8F33D700A4468D /* Release */ = {
			isa = XCBuildConfiguration;
			buildSettings = {
				ALWAYS_EMBED_SWIFT_STANDARD_LIBRARIES = YES;
				DEVELOPMENT_TEAM = 6S335WJ5J9;
				INFOPLIST_FILE = FantasticViewUITests/Info.plist;
				LD_RUNPATH_SEARCH_PATHS = "$(inherited) @executable_path/Frameworks @loader_path/Frameworks";
				PRODUCT_BUNDLE_IDENTIFIER = com.sahandedrisian.FantasticViewUITests;
				PRODUCT_NAME = "$(TARGET_NAME)";
				SWIFT_VERSION = 3.0;
				TEST_TARGET_NAME = FantasticView;
			};
			name = Release;
		};
/* End XCBuildConfiguration section */

/* Begin XCConfigurationList section */
		877CC4251D8F33D600A4468D /* Build configuration list for PBXProject "FantasticView" */ = {
			isa = XCConfigurationList;
			buildConfigurations = (
				877CC4501D8F33D700A4468D /* Debug */,
				877CC4511D8F33D700A4468D /* Release */,
			);
			defaultConfigurationIsVisible = 0;
			defaultConfigurationName = Release;
		};
		877CC4521D8F33D700A4468D /* Build configuration list for PBXNativeTarget "FantasticView" */ = {
			isa = XCConfigurationList;
			buildConfigurations = (
				877CC4531D8F33D700A4468D /* Debug */,
				877CC4541D8F33D700A4468D /* Release */,
			);
			defaultConfigurationIsVisible = 0;
		};
		877CC4551D8F33D700A4468D /* Build configuration list for PBXNativeTarget "FantasticViewTests" */ = {
			isa = XCConfigurationList;
			buildConfigurations = (
				877CC4561D8F33D700A4468D /* Debug */,
				877CC4571D8F33D700A4468D /* Release */,
			);
			defaultConfigurationIsVisible = 0;
		};
		877CC4581D8F33D700A4468D /* Build configuration list for PBXNativeTarget "FantasticViewUITests" */ = {
			isa = XCConfigurationList;
			buildConfigurations = (
				877CC4591D8F33D700A4468D /* Debug */,
				877CC45A1D8F33D700A4468D /* Release */,
			);
			defaultConfigurationIsVisible = 0;
		};
/* End XCConfigurationList section */
	};
	rootObject = 877CC4221D8F33D600A4468D /* Project object */;
}
